{
  "requires": true,
  "lockfileVersion": 1,
  "dependencies": {
    "classnames": {
      "version": "2.3.1",
      "resolved": "https://registry.npmjs.org/classnames/-/classnames-2.3.1.tgz",
      "integrity": "sha512-OlQdbZ7gLfGarSqxesMesDa5uz7KFbID8Kpq/SxIoNGDqY8lSYs0D+hhtBXhcdB3rcbXArFr7vlHheLk1voeNA=="
    },
    "core-js": {
      "version": "3.11.0",
      "resolved": "https://registry.npmjs.org/core-js/-/core-js-3.11.0.tgz",
      "integrity": "sha512-bd79DPpx+1Ilh9+30aT5O1sgpQd4Ttg8oqkqi51ZzhedMM1omD2e6IOF48Z/DzDCZ2svp49tN/3vneTK6ZBkXw=="
    },
    "feather-icons": {
      "version": "4.28.0",
      "resolved": "https://registry.npmjs.org/feather-icons/-/feather-icons-4.28.0.tgz",
      "integrity": "sha512-gRdqKESXRBUZn6Nl0VBq2wPHKRJgZz7yblrrc2lYsS6odkNFDnA4bqvrlEVRUPjE1tFax+0TdbJKZ31ziJuzjg==",
      "requires": {
        "classnames": "^2.2.5",
        "core-js": "^3.1.3"
      }
    }
  }
}
